
Microsoft Visual Studio Solution File, Format Version 12.00
# Visual Studio Version 17
VisualStudioVersion = 17.8.34525.116
MinimumVisualStudioVersion = 10.0.40219.1
Project("{9A19103F-16F7-4668-BE54-9A1E7A4F7556}") = "KampIntro", "KampIntro\KampIntro.csproj", "{D1BD584A-F2F8-4A93-92BC-49648D3B2FB2}"
EndProject
Project("{9A19103F-16F7-4668-BE54-9A1E7A4F7556}") = "Donguler", "Donguler\Donguler.csproj", "{4762C01F-5019-43EA-9E89-3F76E9E90C46}"
EndProject
Project("{9A19103F-16F7-4668-BE54-9A1E7A4F7556}") = "ClassIntro", "ClassIntro\ClassIntro.csproj", "{F5EED478-6C79-4947-9C59-7825F0447F0B}"
EndProject
Project("{FAE04EC0-301F-11D3-BF4B-00C04F79EFBC}") = "Metotlar", "Metotlar\Metotlar.csproj", "{BBF2EBA7-F8E7-4940-85C1-3314236C57A1}"
EndProject
Project("{FAE04EC0-301F-11D3-BF4B-00C04F79EFBC}") = "Matematik", "Matematik\Matematik.csproj", "{90BD208C-9D47-47EC-89CE-916A0FA0925B}"
EndProject
Project("{FAE04EC0-301F-11D3-BF4B-00C04F79EFBC}") = "DegerVeReferansTipler", "DegerVeReferansTipler\DegerVeReferansTipler.csproj", "{1D9C899E-D7E5-404F-AF8E-A0E7F59F89A6}"
EndProject
Global
	GlobalSection(SolutionConfigurationPlatforms) = preSolution
		Debug|Any CPU = Debug|Any CPU
		Release|Any CPU = Release|Any CPU
	EndGlobalSection
	GlobalSection(ProjectConfigurationPlatforms) = postSolution
		{D1BD584A-F2F8-4A93-92BC-49648D3B2FB2}.Debug|Any CPU.ActiveCfg = Debug|Any CPU
		{D1BD584A-F2F8-4A93-92BC-49648D3B2FB2}.Debug|Any CPU.Build.0 = Debug|Any CPU
		{D1BD584A-F2F8-4A93-92BC-49648D3B2FB2}.Release|Any CPU.ActiveCfg = Release|Any CPU
		{D1BD584A-F2F8-4A93-92BC-49648D3B2FB2}.Release|Any CPU.Build.0 = Release|Any CPU
		{4762C01F-5019-43EA-9E89-3F76E9E90C46}.Debug|Any CPU.ActiveCfg = Debug|Any CPU
		{4762C01F-5019-43EA-9E89-3F76E9E90C46}.Debug|Any CPU.Build.0 = Debug|Any CPU
		{4762C01F-5019-43EA-9E89-3F76E9E90C46}.Release|Any CPU.ActiveCfg = Release|Any CPU
		{4762C01F-5019-43EA-9E89-3F76E9E90C46}.Release|Any CPU.Build.0 = Release|Any CPU
		{F5EED478-6C79-4947-9C59-7825F0447F0B}.Debug|Any CPU.ActiveCfg = Debug|Any CPU
		{F5EED478-6C79-4947-9C59-7825F0447F0B}.Debug|Any CPU.Build.0 = Debug|Any CPU
		{F5EED478-6C79-4947-9C59-7825F0447F0B}.Release|Any CPU.ActiveCfg = Release|Any CPU
		{F5EED478-6C79-4947-9C59-7825F0447F0B}.Release|Any CPU.Build.0 = Release|Any CPU
		{BBF2EBA7-F8E7-4940-85C1-3314236C57A1}.Debug|Any CPU.ActiveCfg = Debug|Any CPU
		{BBF2EBA7-F8E7-4940-85C1-3314236C57A1}.Debug|Any CPU.Build.0 = Debug|Any CPU
		{BBF2EBA7-F8E7-4940-85C1-3314236C57A1}.Release|Any CPU.ActiveCfg = Release|Any CPU
		{BBF2EBA7-F8E7-4940-85C1-3314236C57A1}.Release|Any CPU.Build.0 = Release|Any CPU
		{90BD208C-9D47-47EC-89CE-916A0FA0925B}.Debug|Any CPU.ActiveCfg = Debug|Any CPU
		{90BD208C-9D47-47EC-89CE-916A0FA0925B}.Debug|Any CPU.Build.0 = Debug|Any CPU
		{90BD208C-9D47-47EC-89CE-916A0FA0925B}.Release|Any CPU.ActiveCfg = Release|Any CPU
		{90BD208C-9D47-47EC-89CE-916A0FA0925B}.Release|Any CPU.Build.0 = Release|Any CPU
		{1D9C899E-D7E5-404F-AF8E-A0E7F59F89A6}.Debug|Any CPU.ActiveCfg = Debug|Any CPU
		{1D9C899E-D7E5-404F-AF8E-A0E7F59F89A6}.Debug|Any CPU.Build.0 = Debug|Any CPU
		{1D9C899E-D7E5-404F-AF8E-A0E7F59F89A6}.Release|Any CPU.ActiveCfg = Release|Any CPU
		{1D9C899E-D7E5-404F-AF8E-A0E7F59F89A6}.Release|Any CPU.Build.0 = Release|Any CPU
	EndGlobalSection
	GlobalSection(SolutionProperties) = preSolution
		HideSolutionNode = FALSE
	EndGlobalSection
	GlobalSection(ExtensibilityGlobals) = postSolution
		SolutionGuid = {F9D56209-61D0-444C-90FD-CF419A1AD4FC}
	EndGlobalSection
EndGlobal
